{
  "name": "exp-conf-fuzzer",
  "version": "1.0.0",
  "lockfileVersion": 3,
  "requires": true,
  "packages": {
    "": {
      "name": "exp-conf-fuzzer",
      "version": "1.0.0",
      "license": "ISC",
      "dependencies": {
        "hasard": "^1.6.1",
        "random-object-generator": "1.0.2"
      }
    },
    "node_modules/hasard": {
      "version": "1.6.1",
      "resolved": "https://registry.npmjs.org/hasard/-/hasard-1.6.1.tgz",
      "integrity": "sha512-JUdQeHgeVkJekNFpeKP7qoYt01qX3aS6pe21RO21oTJqjyDV0cji+YBb1N/rS9xlYPgavLGmRlCBaAEIZF3BAQ=="
    },
    "node_modules/random-object-generator": {
      "version": "1.0.2",
      "resolved": "https://registry.npmjs.org/random-object-generator/-/random-object-generator-1.0.2.tgz",
      "integrity": "sha1-uyqnMGawTJi7A8By+JzvvnbmK20="
    }
  }
}
